
Microsoft Visual Studio Solution File, Format Version 12.00
# Visual Studio Version 16
VisualStudioVersion = 16.0.30413.136
MinimumVisualStudioVersion = 10.0.40219.1
Project("{FAE04EC0-301F-11D3-BF4B-00C04F79EFBC}") = "testTsõbirev", "testTsõbirev.csproj", "{90291B99-16AA-469C-A4E9-D9470B90F610}"
EndProject
Global
	GlobalSection(SolutionConfigurationPlatforms) = preSolution
		Debug|Any CPU = Debug|Any CPU
		Release|Any CPU = Release|Any CPU
	EndGlobalSection
	GlobalSection(ProjectConfigurationPlatforms) = postSolution
		{90291B99-16AA-469C-A4E9-D9470B90F610}.Debug|Any CPU.ActiveCfg = Debug|Any CPU
		{90291B99-16AA-469C-A4E9-D9470B90F610}.Debug|Any CPU.Build.0 = Debug|Any CPU
		{90291B99-16AA-469C-A4E9-D9470B90F610}.Release|Any CPU.ActiveCfg = Release|Any CPU
		{90291B99-16AA-469C-A4E9-D9470B90F610}.Release|Any CPU.Build.0 = Release|Any CPU
	EndGlobalSection
	GlobalSection(SolutionProperties) = preSolution
		HideSolutionNode = FALSE
	EndGlobalSection
	GlobalSection(ExtensibilityGlobals) = postSolution
		SolutionGuid = {D912D1A3-4A47-46F3-99F6-E682E6CBE336}
	EndGlobalSection
EndGlobal
